
Microsoft Visual Studio Solution File, Format Version 12.00
# Visual Studio Version 16
VisualStudioVersion = 16.0.30406.217
MinimumVisualStudioVersion = 10.0.40219.1
Project("{FAE04EC0-301F-11D3-BF4B-00C04F79EFBC}") = "SquareOfPolybium", "SquareOfPolybium\SquareOfPolybium.csproj", "{02244FE3-DB4D-4593-8B91-8D2AE5FF276B}"
EndProject
Global
	GlobalSection(SolutionConfigurationPlatforms) = preSolution
		Debug|Any CPU = Debug|Any CPU
		Release|Any CPU = Release|Any CPU
	EndGlobalSection
	GlobalSection(ProjectConfigurationPlatforms) = postSolution
		{02244FE3-DB4D-4593-8B91-8D2AE5FF276B}.Debug|Any CPU.ActiveCfg = Debug|Any CPU
		{02244FE3-DB4D-4593-8B91-8D2AE5FF276B}.Debug|Any CPU.Build.0 = Debug|Any CPU
		{02244FE3-DB4D-4593-8B91-8D2AE5FF276B}.Release|Any CPU.ActiveCfg = Release|Any CPU
		{02244FE3-DB4D-4593-8B91-8D2AE5FF276B}.Release|Any CPU.Build.0 = Release|Any CPU
	EndGlobalSection
	GlobalSection(SolutionProperties) = preSolution
		HideSolutionNode = FALSE
	EndGlobalSection
	GlobalSection(ExtensibilityGlobals) = postSolution
		SolutionGuid = {D0673429-9F2F-4FB4-ACFF-A5E923947680}
	EndGlobalSection
EndGlobal
